
Microsoft Visual Studio Solution File, Format Version 12.00
# Visual Studio Version 17
VisualStudioVersion = 17.4.33110.190
MinimumVisualStudioVersion = 10.0.40219.1
Project("{FAE04EC0-301F-11D3-BF4B-00C04F79EFBC}") = "BOMBEROSCR.F5.DAL", "BOMBEROSCR.F5.DAL\BOMBEROSCR.F5.DAL.csproj", "{8F22C7B5-0E99-4EBB-AD4D-7F5E4D659C0B}"
EndProject
Project("{FAE04EC0-301F-11D3-BF4B-00C04F79EFBC}") = "BOMBEROSCR.F5.BLL", "BOMBEROSCR.F5.BLL\BOMBEROSCR.F5.BLL.csproj", "{93F984CA-7691-4C70-ABCF-8EF27C864630}"
EndProject
Project("{FAE04EC0-301F-11D3-BF4B-00C04F79EFBC}") = "BOMBEROSCR.F5.ENT", "BOMBEROSCR.F5.ENT\BOMBEROSCR.F5.ENT.csproj", "{EBE8FFE2-E248-4A9D-97DB-6B36C6C51AE1}"
EndProject
Project("{FAE04EC0-301F-11D3-BF4B-00C04F79EFBC}") = "BOMBEROSCR.F5.SWL", "BOMBEROSCR.F5.SWL\BOMBEROSCR.F5.SWL.csproj", "{6C53E493-7846-409C-BE3C-8FED45D3AFEC}"
EndProject
Project("{FAE04EC0-301F-11D3-BF4B-00C04F79EFBC}") = "BOMBEROSCR.F5.UTL", "BOMBEROSCR.F5.UTL\BOMBEROSCR.F5.UTL.csproj", "{F5244AAA-C1B9-4834-8DC6-D10ACEBD7EAC}"
EndProject
Project("{FAE04EC0-301F-11D3-BF4B-00C04F79EFBC}") = "BOMBEROSCR.F5.UI", "BOMBEROSCR.F5.UI\BOMBEROSCR.F5.UI.csproj", "{2E5BCF23-43A9-4A13-9B3E-DA7AF0848A80}"
EndProject
Global
	GlobalSection(SolutionConfigurationPlatforms) = preSolution
		Debug|Any CPU = Debug|Any CPU
		Release|Any CPU = Release|Any CPU
	EndGlobalSection
	GlobalSection(ProjectConfigurationPlatforms) = postSolution
		{8F22C7B5-0E99-4EBB-AD4D-7F5E4D659C0B}.Debug|Any CPU.ActiveCfg = Debug|Any CPU
		{8F22C7B5-0E99-4EBB-AD4D-7F5E4D659C0B}.Debug|Any CPU.Build.0 = Debug|Any CPU
		{8F22C7B5-0E99-4EBB-AD4D-7F5E4D659C0B}.Release|Any CPU.ActiveCfg = Release|Any CPU
		{8F22C7B5-0E99-4EBB-AD4D-7F5E4D659C0B}.Release|Any CPU.Build.0 = Release|Any CPU
		{93F984CA-7691-4C70-ABCF-8EF27C864630}.Debug|Any CPU.ActiveCfg = Debug|Any CPU
		{93F984CA-7691-4C70-ABCF-8EF27C864630}.Debug|Any CPU.Build.0 = Debug|Any CPU
		{93F984CA-7691-4C70-ABCF-8EF27C864630}.Release|Any CPU.ActiveCfg = Release|Any CPU
		{93F984CA-7691-4C70-ABCF-8EF27C864630}.Release|Any CPU.Build.0 = Release|Any CPU
		{EBE8FFE2-E248-4A9D-97DB-6B36C6C51AE1}.Debug|Any CPU.ActiveCfg = Debug|Any CPU
		{EBE8FFE2-E248-4A9D-97DB-6B36C6C51AE1}.Debug|Any CPU.Build.0 = Debug|Any CPU
		{EBE8FFE2-E248-4A9D-97DB-6B36C6C51AE1}.Release|Any CPU.ActiveCfg = Release|Any CPU
		{EBE8FFE2-E248-4A9D-97DB-6B36C6C51AE1}.Release|Any CPU.Build.0 = Release|Any CPU
		{6C53E493-7846-409C-BE3C-8FED45D3AFEC}.Debug|Any CPU.ActiveCfg = Debug|Any CPU
		{6C53E493-7846-409C-BE3C-8FED45D3AFEC}.Debug|Any CPU.Build.0 = Debug|Any CPU
		{6C53E493-7846-409C-BE3C-8FED45D3AFEC}.Release|Any CPU.ActiveCfg = Release|Any CPU
		{6C53E493-7846-409C-BE3C-8FED45D3AFEC}.Release|Any CPU.Build.0 = Release|Any CPU
		{F5244AAA-C1B9-4834-8DC6-D10ACEBD7EAC}.Debug|Any CPU.ActiveCfg = Debug|Any CPU
		{F5244AAA-C1B9-4834-8DC6-D10ACEBD7EAC}.Debug|Any CPU.Build.0 = Debug|Any CPU
		{F5244AAA-C1B9-4834-8DC6-D10ACEBD7EAC}.Release|Any CPU.ActiveCfg = Release|Any CPU
		{F5244AAA-C1B9-4834-8DC6-D10ACEBD7EAC}.Release|Any CPU.Build.0 = Release|Any CPU
		{2E5BCF23-43A9-4A13-9B3E-DA7AF0848A80}.Debug|Any CPU.ActiveCfg = Debug|Any CPU
		{2E5BCF23-43A9-4A13-9B3E-DA7AF0848A80}.Debug|Any CPU.Build.0 = Debug|Any CPU
		{2E5BCF23-43A9-4A13-9B3E-DA7AF0848A80}.Release|Any CPU.ActiveCfg = Release|Any CPU
		{2E5BCF23-43A9-4A13-9B3E-DA7AF0848A80}.Release|Any CPU.Build.0 = Release|Any CPU
	EndGlobalSection
	GlobalSection(SolutionProperties) = preSolution
		HideSolutionNode = FALSE
	EndGlobalSection
	GlobalSection(ExtensibilityGlobals) = postSolution
		SolutionGuid = {02A96CDB-1FD4-44E2-8B4A-A4BFC1069880}
		EnterpriseLibraryConfigurationToolBinariesPathV6 = packages\EnterpriseLibrary.Common.6.0.1304.0\lib\NET45;packages\EnterpriseLibrary.Data.6.0.1304.0\lib\NET45
	EndGlobalSection
EndGlobal
